
Microsoft Visual Studio Solution File, Format Version 12.00
# Visual Studio 2012
Project("{FAE04EC0-301F-11D3-BF4B-00C04F79EFBC}") = "WaterFlowAPI", "WaterFlowAPI\WaterFlowAPI.csproj", "{C2B0578A-8966-40ED-8ADE-E04582125089}"
EndProject
Project("{FAE04EC0-301F-11D3-BF4B-00C04F79EFBC}") = "Logger", "Logger\Logger.csproj", "{6E6FF242-472F-4223-B48C-15F0D24AC066}"
EndProject
Global
	GlobalSection(SolutionConfigurationPlatforms) = preSolution
		Debug|Any CPU = Debug|Any CPU
		Release|Any CPU = Release|Any CPU
	EndGlobalSection
	GlobalSection(ProjectConfigurationPlatforms) = postSolution
		{C2B0578A-8966-40ED-8ADE-E04582125089}.Debug|Any CPU.ActiveCfg = Debug|Any CPU
		{C2B0578A-8966-40ED-8ADE-E04582125089}.Debug|Any CPU.Build.0 = Debug|Any CPU
		{C2B0578A-8966-40ED-8ADE-E04582125089}.Release|Any CPU.ActiveCfg = Release|Any CPU
		{C2B0578A-8966-40ED-8ADE-E04582125089}.Release|Any CPU.Build.0 = Release|Any CPU
		{6E6FF242-472F-4223-B48C-15F0D24AC066}.Debug|Any CPU.ActiveCfg = Debug|Any CPU
		{6E6FF242-472F-4223-B48C-15F0D24AC066}.Debug|Any CPU.Build.0 = Debug|Any CPU
		{6E6FF242-472F-4223-B48C-15F0D24AC066}.Release|Any CPU.ActiveCfg = Release|Any CPU
		{6E6FF242-472F-4223-B48C-15F0D24AC066}.Release|Any CPU.Build.0 = Release|Any CPU
	EndGlobalSection
EndGlobal
